
Microsoft Visual Studio Solution File, Format Version 12.00
# Visual Studio Version 16
VisualStudioVersion = 16.0.29123.88
MinimumVisualStudioVersion = 10.0.40219.1
Project("{FAE04EC0-301F-11D3-BF4B-00C04F79EFBC}") = "SqliteXamarinForms-dFilitto.Android", "SqliteXamarinForms-dFilitto.Android\SqliteXamarinForms-dFilitto.Android.csproj", "{C6D758F9-9B99-4F17-9B6A-B1F4F2E64FE1}"
EndProject
Project("{FAE04EC0-301F-11D3-BF4B-00C04F79EFBC}") = "SqliteXamarinForms-dFilitto", "SqliteXamarinForms-dFilitto\SqliteXamarinForms-dFilitto.csproj", "{69DA7871-5F8C-45E6-B492-26F0754047F5}"
EndProject
Global
	GlobalSection(SolutionConfigurationPlatforms) = preSolution
		Debug|Any CPU = Debug|Any CPU
		Release|Any CPU = Release|Any CPU
	EndGlobalSection
	GlobalSection(ProjectConfigurationPlatforms) = postSolution
		{C6D758F9-9B99-4F17-9B6A-B1F4F2E64FE1}.Debug|Any CPU.ActiveCfg = Debug|Any CPU
		{C6D758F9-9B99-4F17-9B6A-B1F4F2E64FE1}.Debug|Any CPU.Build.0 = Debug|Any CPU
		{C6D758F9-9B99-4F17-9B6A-B1F4F2E64FE1}.Debug|Any CPU.Deploy.0 = Debug|Any CPU
		{C6D758F9-9B99-4F17-9B6A-B1F4F2E64FE1}.Release|Any CPU.ActiveCfg = Release|Any CPU
		{C6D758F9-9B99-4F17-9B6A-B1F4F2E64FE1}.Release|Any CPU.Build.0 = Release|Any CPU
		{C6D758F9-9B99-4F17-9B6A-B1F4F2E64FE1}.Release|Any CPU.Deploy.0 = Release|Any CPU
		{69DA7871-5F8C-45E6-B492-26F0754047F5}.Debug|Any CPU.ActiveCfg = Debug|Any CPU
		{69DA7871-5F8C-45E6-B492-26F0754047F5}.Debug|Any CPU.Build.0 = Debug|Any CPU
		{69DA7871-5F8C-45E6-B492-26F0754047F5}.Debug|Any CPU.Deploy.0 = Debug|Any CPU
		{69DA7871-5F8C-45E6-B492-26F0754047F5}.Release|Any CPU.ActiveCfg = Release|Any CPU
		{69DA7871-5F8C-45E6-B492-26F0754047F5}.Release|Any CPU.Build.0 = Release|Any CPU
		{69DA7871-5F8C-45E6-B492-26F0754047F5}.Release|Any CPU.Deploy.0 = Release|Any CPU
	EndGlobalSection
	GlobalSection(SolutionProperties) = preSolution
		HideSolutionNode = FALSE
	EndGlobalSection
	GlobalSection(ExtensibilityGlobals) = postSolution
		SolutionGuid = {DFCF7167-554A-49F6-8606-D301F87E6FA2}
	EndGlobalSection
EndGlobal
